
Microsoft Visual Studio Solution File, Format Version 12.00
# Visual Studio Version 17
VisualStudioVersion = 17.9.34607.119
MinimumVisualStudioVersion = 10.0.40219.1
Project("{FAE04EC0-301F-11D3-BF4B-00C04F79EFBC}") = "BackendRetake-2025", "BackendRetake-2025.csproj", "{BA6545FB-AA83-4B70-970F-30D97A86B004}"
EndProject
Global
	GlobalSection(SolutionConfigurationPlatforms) = preSolution
		Debug|Any CPU = Debug|Any CPU
		Release|Any CPU = Release|Any CPU
	EndGlobalSection
	GlobalSection(ProjectConfigurationPlatforms) = postSolution
		{BA6545FB-AA83-4B70-970F-30D97A86B004}.Debug|Any CPU.ActiveCfg = Debug|Any CPU
		{BA6545FB-AA83-4B70-970F-30D97A86B004}.Debug|Any CPU.Build.0 = Debug|Any CPU
		{BA6545FB-AA83-4B70-970F-30D97A86B004}.Release|Any CPU.ActiveCfg = Release|Any CPU
		{BA6545FB-AA83-4B70-970F-30D97A86B004}.Release|Any CPU.Build.0 = Release|Any CPU
	EndGlobalSection
	GlobalSection(SolutionProperties) = preSolution
		HideSolutionNode = FALSE
	EndGlobalSection
	GlobalSection(ExtensibilityGlobals) = postSolution
		SolutionGuid = {7F31831C-6F54-4671-9510-6F2FCD87000D}
	EndGlobalSection
EndGlobal
